
Microsoft Visual Studio Solution File, Format Version 12.00
# Visual Studio Version 17
VisualStudioVersion = 17.5.33627.172
MinimumVisualStudioVersion = 10.0.40219.1
Project("{9A19103F-16F7-4668-BE54-9A1E7A4F7556}") = "Project_Pinterest", "Project_Pinterest\Project_Pinterest.csproj", "{A76711D7-F844-4200-A5B9-F2F332E1E6A0}"
EndProject
Global
	GlobalSection(SolutionConfigurationPlatforms) = preSolution
		Debug|Any CPU = Debug|Any CPU
		Release|Any CPU = Release|Any CPU
	EndGlobalSection
	GlobalSection(ProjectConfigurationPlatforms) = postSolution
		{A76711D7-F844-4200-A5B9-F2F332E1E6A0}.Debug|Any CPU.ActiveCfg = Debug|Any CPU
		{A76711D7-F844-4200-A5B9-F2F332E1E6A0}.Debug|Any CPU.Build.0 = Debug|Any CPU
		{A76711D7-F844-4200-A5B9-F2F332E1E6A0}.Release|Any CPU.ActiveCfg = Release|Any CPU
		{A76711D7-F844-4200-A5B9-F2F332E1E6A0}.Release|Any CPU.Build.0 = Release|Any CPU
	EndGlobalSection
	GlobalSection(SolutionProperties) = preSolution
		HideSolutionNode = FALSE
	EndGlobalSection
	GlobalSection(ExtensibilityGlobals) = postSolution
		SolutionGuid = {08B6967F-AAD6-41DB-AB58-FD5227FE11D5}
	EndGlobalSection
EndGlobal
